
Microsoft Visual Studio Solution File, Format Version 12.00
# Visual Studio Version 16
VisualStudioVersion = 25.0.1706.4
MinimumVisualStudioVersion = 10.0.40219.1
Project("{FAE04EC0-301F-11D3-BF4B-00C04F79EFBC}") = "CSharpServer", "CSharpServer.csproj", "{552C81E5-9415-4688-93AF-51B9F3D5F653}"
EndProject
Global
	GlobalSection(SolutionConfigurationPlatforms) = preSolution
		Debug|Any CPU = Debug|Any CPU
		Release|Any CPU = Release|Any CPU
	EndGlobalSection
	GlobalSection(ProjectConfigurationPlatforms) = postSolution
		{552C81E5-9415-4688-93AF-51B9F3D5F653}.Debug|Any CPU.ActiveCfg = Debug|Any CPU
		{552C81E5-9415-4688-93AF-51B9F3D5F653}.Debug|Any CPU.Build.0 = Debug|Any CPU
		{552C81E5-9415-4688-93AF-51B9F3D5F653}.Release|Any CPU.ActiveCfg = Release|Any CPU
		{552C81E5-9415-4688-93AF-51B9F3D5F653}.Release|Any CPU.Build.0 = Release|Any CPU
	EndGlobalSection
	GlobalSection(SolutionProperties) = preSolution
		HideSolutionNode = FALSE
	EndGlobalSection
	GlobalSection(ExtensibilityGlobals) = postSolution
		SolutionGuid = {5FA5DF10-E086-4C30-B79D-0566C156E6E0}
	EndGlobalSection
EndGlobal
